<?xml version="1.0" encoding="utf-8"?>
<Project ToolsVersion="4.0" xmlns="http://schemas.microsoft.com/developer/msbuild/2003">
  <ItemGroup>
    <Filter Include="Smithy">
      <UniqueIdentifier>{032F6BD1-EFD0-95A7-D88B-A9FBC4CC1CF8}</UniqueIdentifier>
    </Filter>
    <Filter Include="Smithy\Events">
      <UniqueIdentifier>{1cf38f24-cd19-415e-a4a0-3e49b254de39}</UniqueIdentifier>
    </Filter>
  </ItemGroup>
  <ItemGroup>
    <ClInclude Include="src\Smithy\Application.h">
      <Filter>Smithy</Filter>
    </ClInclude>
    <ClInclude Include="src\Smithy\Core.h">
      <Filter>Smithy</Filter>
    </ClInclude>
    <ClInclude Include="src\Smithy\EntryPoint.h">
      <Filter>Smithy</Filter>
    </ClInclude>
    <ClInclude Include="src\Smithy\Log.h">
      <Filter>Smithy</Filter>
    </ClInclude>
    <ClInclude Include="src\Smithy.h">
      <Filter>Smithy</Filter>
    </ClInclude>
    <ClInclude Include="src\Smithy\Events\Event.h" />
    <ClInclude Include="src\Smithy\Events\KeyEvent.h" />
    <ClInclude Include="src\Smithy\Events\MouseEvent.h" />
    <ClInclude Include="src\Smithy\Events\ApplicationEvent.h" />
  </ItemGroup>
  <ItemGroup>
    <ClCompile Include="src\Smithy\Application.cpp">
      <Filter>Smithy</Filter>
    </ClCompile>
    <ClCompile Include="src\Smithy\Log.cpp">
      <Filter>Smithy</Filter>
    </ClCompile>
  </ItemGroup>
</Project>